{
    "_meta": {
        "hash": {
            "sha256": "32019658d7a6902ce84e61c9691181be31dbcedae0b7d0248d09a47494121056"
        },
        "pipfile-spec": 6,
        "requires": {
            "python_version": "3.12"
        },
        "sources": [
            {
                "name": "pypi",
                "url": "https://pypi.org/simple",
                "verify_ssl": true
            }
        ]
    },
    "default": {
        "pypdf": {
            "hashes": [
                "sha256:a4b6538b77fc796622000db7127e4e58039ec5e6afd292f8e9bf42e2e985a749",
                "sha256:ca6bf446bfb0a2d8d71d6d6bb860798d864c36a29b3d9ae8d7fc7958c59f88e7"
            ],
            "index": "pypi",
            "markers": "python_version >= '3.8'",
            "version": "==5.6.0"
        },
        "pypdf2": {
            "hashes": [
                "sha256:a74408f69ba6271f71b9352ef4ed03dc53a31aa404d29b5d31f53bfecfee1440",
                "sha256:d16e4205cfee272fbdc0568b68d82be796540b1537508cef59388f839c191928"
            ],
            "index": "pypi",
            "markers": "python_version >= '3.6'",
            "version": "==3.0.1"
        }
    },
    "develop": {}
}
